
Microsoft Visual Studio Solution File, Format Version 12.00
# Visual Studio 14
VisualStudioVersion = 14.0.25420.1
MinimumVisualStudioVersion = 10.0.40219.1
Project("{FAE04EC0-301F-11D3-BF4B-00C04F79EFBC}") = "BarcodeReader", "BarocodeReader\BarocodeReader\BarcodeReader.csproj", "{A0251672-DB9C-4FAA-80F3-7AA7BB37ABAF}"
EndProject
Project("{FAE04EC0-301F-11D3-BF4B-00C04F79EFBC}") = "BarcodeReader.Droid", "BarocodeReader\BarocodeReader.Droid\BarcodeReader.Droid.csproj", "{58D77E6D-FEB2-4907-9DC8-53A388B89BD3}"
EndProject
Project("{FAE04EC0-301F-11D3-BF4B-00C04F79EFBC}") = "BarcodeReader.iOS", "BarocodeReader\BarocodeReader.iOS\BarcodeReader.iOS.csproj", "{943F9279-1A12-40C1-8611-C8CA23E57601}"
EndProject
Project("{FAE04EC0-301F-11D3-BF4B-00C04F79EFBC}") = "BarcodeReader.WinPhone", "BarocodeReader\BarocodeReader.WinPhone\BarcodeReader.WinPhone.csproj", "{93B6CC00-4483-4F7A-A79B-70FCDA476155}"
EndProject
Project("{FAE04EC0-301F-11D3-BF4B-00C04F79EFBC}") = "BarcodeReader.UWP", "BarocodeReader\BarocodeReader.UWP\BarcodeReader.UWP.csproj", "{9C959E3F-ED9D-46C9-B3A7-D02EC1EAA663}"
EndProject
Project("{FAE04EC0-301F-11D3-BF4B-00C04F79EFBC}") = "BarcodeReader.Windows", "BarocodeReader\BarocodeReader.Windows\BarcodeReader.Windows.csproj", "{3928A1E0-C283-420C-9FBC-610F36BC52B4}"
EndProject
Global
	GlobalSection(SolutionConfigurationPlatforms) = preSolution
		Ad-Hoc|Any CPU = Ad-Hoc|Any CPU
		Ad-Hoc|ARM = Ad-Hoc|ARM
		Ad-Hoc|iPhone = Ad-Hoc|iPhone
		Ad-Hoc|iPhoneSimulator = Ad-Hoc|iPhoneSimulator
		Ad-Hoc|x64 = Ad-Hoc|x64
		Ad-Hoc|x86 = Ad-Hoc|x86
		AppStore|Any CPU = AppStore|Any CPU
		AppStore|ARM = AppStore|ARM
		AppStore|iPhone = AppStore|iPhone
		AppStore|iPhoneSimulator = AppStore|iPhoneSimulator
		AppStore|x64 = AppStore|x64
		AppStore|x86 = AppStore|x86
		Debug|Any CPU = Debug|Any CPU
		Debug|ARM = Debug|ARM
		Debug|iPhone = Debug|iPhone
		Debug|iPhoneSimulator = Debug|iPhoneSimulator
		Debug|x64 = Debug|x64
		Debug|x86 = Debug|x86
		Release|Any CPU = Release|Any CPU
		Release|ARM = Release|ARM
		Release|iPhone = Release|iPhone
		Release|iPhoneSimulator = Release|iPhoneSimulator
		Release|x64 = Release|x64
		Release|x86 = Release|x86
	EndGlobalSection
	GlobalSection(ProjectConfigurationPlatforms) = postSolution
		{A0251672-DB9C-4FAA-80F3-7AA7BB37ABAF}.Ad-Hoc|Any CPU.ActiveCfg = Release|Any CPU
		{A0251672-DB9C-4FAA-80F3-7AA7BB37ABAF}.Ad-Hoc|Any CPU.Build.0 = Release|Any CPU
		{A0251672-DB9C-4FAA-80F3-7AA7BB37ABAF}.Ad-Hoc|ARM.ActiveCfg = Release|Any CPU
		{A0251672-DB9C-4FAA-80F3-7AA7BB37ABAF}.Ad-Hoc|ARM.Build.0 = Release|Any CPU
		{A0251672-DB9C-4FAA-80F3-7AA7BB37ABAF}.Ad-Hoc|iPhone.ActiveCfg = Release|Any CPU
		{A0251672-DB9C-4FAA-80F3-7AA7BB37ABAF}.Ad-Hoc|iPhone.Build.0 = Release|Any CPU
		{A0251672-DB9C-4FAA-80F3-7AA7BB37ABAF}.Ad-Hoc|iPhoneSimulator.ActiveCfg = Release|Any CPU
		{A0251672-DB9C-4FAA-80F3-7AA7BB37ABAF}.Ad-Hoc|iPhoneSimulator.Build.0 = Release|Any CPU
		{A0251672-DB9C-4FAA-80F3-7AA7BB37ABAF}.Ad-Hoc|x64.ActiveCfg = Release|Any CPU
		{A0251672-DB9C-4FAA-80F3-7AA7BB37ABAF}.Ad-Hoc|x64.Build.0 = Release|Any CPU
		{A0251672-DB9C-4FAA-80F3-7AA7BB37ABAF}.Ad-Hoc|x86.ActiveCfg = Release|Any CPU
		{A0251672-DB9C-4FAA-80F3-7AA7BB37ABAF}.Ad-Hoc|x86.Build.0 = Release|Any CPU
		{A0251672-DB9C-4FAA-80F3-7AA7BB37ABAF}.AppStore|Any CPU.ActiveCfg = Release|Any CPU
		{A0251672-DB9C-4FAA-80F3-7AA7BB37ABAF}.AppStore|Any CPU.Build.0 = Release|Any CPU
		{A0251672-DB9C-4FAA-80F3-7AA7BB37ABAF}.AppStore|ARM.ActiveCfg = Release|Any CPU
		{A0251672-DB9C-4FAA-80F3-7AA7BB37ABAF}.AppStore|ARM.Build.0 = Release|Any CPU
		{A0251672-DB9C-4FAA-80F3-7AA7BB37ABAF}.AppStore|iPhone.ActiveCfg = Release|Any CPU
		{A0251672-DB9C-4FAA-80F3-7AA7BB37ABAF}.AppStore|iPhone.Build.0 = Release|Any CPU
		{A0251672-DB9C-4FAA-80F3-7AA7BB37ABAF}.AppStore|iPhoneSimulator.ActiveCfg = Release|Any CPU
		{A0251672-DB9C-4FAA-80F3-7AA7BB37ABAF}.AppStore|iPhoneSimulator.Build.0 = Release|Any CPU
		{A0251672-DB9C-4FAA-80F3-7AA7BB37ABAF}.AppStore|x64.ActiveCfg = Release|Any CPU
		{A0251672-DB9C-4FAA-80F3-7AA7BB37ABAF}.AppStore|x64.Build.0 = Release|Any CPU
		{A0251672-DB9C-4FAA-80F3-7AA7BB37ABAF}.AppStore|x86.ActiveCfg = Release|Any CPU
		{A0251672-DB9C-4FAA-80F3-7AA7BB37ABAF}.AppStore|x86.Build.0 = Release|Any CPU
		{A0251672-DB9C-4FAA-80F3-7AA7BB37ABAF}.Debug|Any CPU.ActiveCfg = Debug|Any CPU
		{A0251672-DB9C-4FAA-80F3-7AA7BB37ABAF}.Debug|Any CPU.Build.0 = Debug|Any CPU
		{A0251672-DB9C-4FAA-80F3-7AA7BB37ABAF}.Debug|ARM.ActiveCfg = Debug|Any CPU
		{A0251672-DB9C-4FAA-80F3-7AA7BB37ABAF}.Debug|ARM.Build.0 = Debug|Any CPU
		{A0251672-DB9C-4FAA-80F3-7AA7BB37ABAF}.Debug|iPhone.ActiveCfg = Debug|Any CPU
		{A0251672-DB9C-4FAA-80F3-7AA7BB37ABAF}.Debug|iPhone.Build.0 = Debug|Any CPU
		{A0251672-DB9C-4FAA-80F3-7AA7BB37ABAF}.Debug|iPhoneSimulator.ActiveCfg = Debug|Any CPU
		{A0251672-DB9C-4FAA-80F3-7AA7BB37ABAF}.Debug|iPhoneSimulator.Build.0 = Debug|Any CPU
		{A0251672-DB9C-4FAA-80F3-7AA7BB37ABAF}.Debug|x64.ActiveCfg = Debug|Any CPU
		{A0251672-DB9C-4FAA-80F3-7AA7BB37ABAF}.Debug|x64.Build.0 = Debug|Any CPU
		{A0251672-DB9C-4FAA-80F3-7AA7BB37ABAF}.Debug|x86.ActiveCfg = Debug|Any CPU
		{A0251672-DB9C-4FAA-80F3-7AA7BB37ABAF}.Debug|x86.Build.0 = Debug|Any CPU
		{A0251672-DB9C-4FAA-80F3-7AA7BB37ABAF}.Release|Any CPU.ActiveCfg = Release|Any CPU
		{A0251672-DB9C-4FAA-80F3-7AA7BB37ABAF}.Release|Any CPU.Build.0 = Release|Any CPU
		{A0251672-DB9C-4FAA-80F3-7AA7BB37ABAF}.Release|ARM.ActiveCfg = Release|Any CPU
		{A0251672-DB9C-4FAA-80F3-7AA7BB37ABAF}.Release|ARM.Build.0 = Release|Any CPU
		{A0251672-DB9C-4FAA-80F3-7AA7BB37ABAF}.Release|iPhone.ActiveCfg = Release|Any CPU
		{A0251672-DB9C-4FAA-80F3-7AA7BB37ABAF}.Release|iPhone.Build.0 = Release|Any CPU
		{A0251672-DB9C-4FAA-80F3-7AA7BB37ABAF}.Release|iPhoneSimulator.ActiveCfg = Release|Any CPU
		{A0251672-DB9C-4FAA-80F3-7AA7BB37ABAF}.Release|iPhoneSimulator.Build.0 = Release|Any CPU
		{A0251672-DB9C-4FAA-80F3-7AA7BB37ABAF}.Release|x64.ActiveCfg = Release|Any CPU
		{A0251672-DB9C-4FAA-80F3-7AA7BB37ABAF}.Release|x64.Build.0 = Release|Any CPU
		{A0251672-DB9C-4FAA-80F3-7AA7BB37ABAF}.Release|x86.ActiveCfg = Release|Any CPU
		{A0251672-DB9C-4FAA-80F3-7AA7BB37ABAF}.Release|x86.Build.0 = Release|Any CPU
		{58D77E6D-FEB2-4907-9DC8-53A388B89BD3}.Ad-Hoc|Any CPU.ActiveCfg = Release|Any CPU
		{58D77E6D-FEB2-4907-9DC8-53A388B89BD3}.Ad-Hoc|Any CPU.Build.0 = Release|Any CPU
		{58D77E6D-FEB2-4907-9DC8-53A388B89BD3}.Ad-Hoc|Any CPU.Deploy.0 = Release|Any CPU
		{58D77E6D-FEB2-4907-9DC8-53A388B89BD3}.Ad-Hoc|ARM.ActiveCfg = Release|Any CPU
		{58D77E6D-FEB2-4907-9DC8-53A388B89BD3}.Ad-Hoc|ARM.Build.0 = Release|Any CPU
		{58D77E6D-FEB2-4907-9DC8-53A388B89BD3}.Ad-Hoc|ARM.Deploy.0 = Release|Any CPU
		{58D77E6D-FEB2-4907-9DC8-53A388B89BD3}.Ad-Hoc|iPhone.ActiveCfg = Release|Any CPU
		{58D77E6D-FEB2-4907-9DC8-53A388B89BD3}.Ad-Hoc|iPhone.Build.0 = Release|Any CPU
		{58D77E6D-FEB2-4907-9DC8-53A388B89BD3}.Ad-Hoc|iPhone.Deploy.0 = Release|Any CPU
		{58D77E6D-FEB2-4907-9DC8-53A388B89BD3}.Ad-Hoc|iPhoneSimulator.ActiveCfg = Release|Any CPU
		{58D77E6D-FEB2-4907-9DC8-53A388B89BD3}.Ad-Hoc|iPhoneSimulator.Build.0 = Release|Any CPU
		{58D77E6D-FEB2-4907-9DC8-53A388B89BD3}.Ad-Hoc|iPhoneSimulator.Deploy.0 = Release|Any CPU
		{58D77E6D-FEB2-4907-9DC8-53A388B89BD3}.Ad-Hoc|x64.ActiveCfg = Release|Any CPU
		{58D77E6D-FEB2-4907-9DC8-53A388B89BD3}.Ad-Hoc|x64.Build.0 = Release|Any CPU
		{58D77E6D-FEB2-4907-9DC8-53A388B89BD3}.Ad-Hoc|x64.Deploy.0 = Release|Any CPU
		{58D77E6D-FEB2-4907-9DC8-53A388B89BD3}.Ad-Hoc|x86.ActiveCfg = Release|Any CPU
		{58D77E6D-FEB2-4907-9DC8-53A388B89BD3}.Ad-Hoc|x86.Build.0 = Release|Any CPU
		{58D77E6D-FEB2-4907-9DC8-53A388B89BD3}.Ad-Hoc|x86.Deploy.0 = Release|Any CPU
		{58D77E6D-FEB2-4907-9DC8-53A388B89BD3}.AppStore|Any CPU.ActiveCfg = Release|Any CPU
		{58D77E6D-FEB2-4907-9DC8-53A388B89BD3}.AppStore|Any CPU.Build.0 = Release|Any CPU
		{58D77E6D-FEB2-4907-9DC8-53A388B89BD3}.AppStore|Any CPU.Deploy.0 = Release|Any CPU
		{58D77E6D-FEB2-4907-9DC8-53A388B89BD3}.AppStore|ARM.ActiveCfg = Release|Any CPU
		{58D77E6D-FEB2-4907-9DC8-53A388B89BD3}.AppStore|ARM.Build.0 = Release|Any CPU
		{58D77E6D-FEB2-4907-9DC8-53A388B89BD3}.AppStore|ARM.Deploy.0 = Release|Any CPU
		{58D77E6D-FEB2-4907-9DC8-53A388B89BD3}.AppStore|iPhone.ActiveCfg = Release|Any CPU
		{58D77E6D-FEB2-4907-9DC8-53A388B89BD3}.AppStore|iPhone.Build.0 = Release|Any CPU
		{58D77E6D-FEB2-4907-9DC8-53A388B89BD3}.AppStore|iPhone.Deploy.0 = Release|Any CPU
		{58D77E6D-FEB2-4907-9DC8-53A388B89BD3}.AppStore|iPhoneSimulator.ActiveCfg = Release|Any CPU
		{58D77E6D-FEB2-4907-9DC8-53A388B89BD3}.AppStore|iPhoneSimulator.Build.0 = Release|Any CPU
		{58D77E6D-FEB2-4907-9DC8-53A388B89BD3}.AppStore|iPhoneSimulator.Deploy.0 = Release|Any CPU
		{58D77E6D-FEB2-4907-9DC8-53A388B89BD3}.AppStore|x64.ActiveCfg = Release|Any CPU
		{58D77E6D-FEB2-4907-9DC8-53A388B89BD3}.AppStore|x64.Build.0 = Release|Any CPU
		{58D77E6D-FEB2-4907-9DC8-53A388B89BD3}.AppStore|x64.Deploy.0 = Release|Any CPU
		{58D77E6D-FEB2-4907-9DC8-53A388B89BD3}.AppStore|x86.ActiveCfg = Release|Any CPU
		{58D77E6D-FEB2-4907-9DC8-53A388B89BD3}.AppStore|x86.Build.0 = Release|Any CPU
		{58D77E6D-FEB2-4907-9DC8-53A388B89BD3}.AppStore|x86.Deploy.0 = Release|Any CPU
		{58D77E6D-FEB2-4907-9DC8-53A388B89BD3}.Debug|Any CPU.ActiveCfg = Debug|Any CPU
		{58D77E6D-FEB2-4907-9DC8-53A388B89BD3}.Debug|Any CPU.Build.0 = Debug|Any CPU
		{58D77E6D-FEB2-4907-9DC8-53A388B89BD3}.Debug|Any CPU.Deploy.0 = Debug|Any CPU
		{58D77E6D-FEB2-4907-9DC8-53A388B89BD3}.Debug|ARM.ActiveCfg = Debug|Any CPU
		{58D77E6D-FEB2-4907-9DC8-53A388B89BD3}.Debug|ARM.Build.0 = Debug|Any CPU
		{58D77E6D-FEB2-4907-9DC8-53A388B89BD3}.Debug|ARM.Deploy.0 = Debug|Any CPU
		{58D77E6D-FEB2-4907-9DC8-53A388B89BD3}.Debug|iPhone.ActiveCfg = Debug|Any CPU
		{58D77E6D-FEB2-4907-9DC8-53A388B89BD3}.Debug|iPhone.Build.0 = Debug|Any CPU
		{58D77E6D-FEB2-4907-9DC8-53A388B89BD3}.Debug|iPhone.Deploy.0 = Debug|Any CPU
		{58D77E6D-FEB2-4907-9DC8-53A388B89BD3}.Debug|iPhoneSimulator.ActiveCfg = Debug|Any CPU
		{58D77E6D-FEB2-4907-9DC8-53A388B89BD3}.Debug|iPhoneSimulator.Build.0 = Debug|Any CPU
		{58D77E6D-FEB2-4907-9DC8-53A388B89BD3}.Debug|iPhoneSimulator.Deploy.0 = Debug|Any CPU
		{58D77E6D-FEB2-4907-9DC8-53A388B89BD3}.Debug|x64.ActiveCfg = Debug|Any CPU
		{58D77E6D-FEB2-4907-9DC8-53A388B89BD3}.Debug|x64.Build.0 = Debug|Any CPU
		{58D77E6D-FEB2-4907-9DC8-53A388B89BD3}.Debug|x64.Deploy.0 = Debug|Any CPU
		{58D77E6D-FEB2-4907-9DC8-53A388B89BD3}.Debug|x86.ActiveCfg = Debug|Any CPU
		{58D77E6D-FEB2-4907-9DC8-53A388B89BD3}.Debug|x86.Build.0 = Debug|Any CPU
		{58D77E6D-FEB2-4907-9DC8-53A388B89BD3}.Debug|x86.Deploy.0 = Debug|Any CPU
		{58D77E6D-FEB2-4907-9DC8-53A388B89BD3}.Release|Any CPU.ActiveCfg = Release|Any CPU
		{58D77E6D-FEB2-4907-9DC8-53A388B89BD3}.Release|Any CPU.Build.0 = Release|Any CPU
		{58D77E6D-FEB2-4907-9DC8-53A388B89BD3}.Release|Any CPU.Deploy.0 = Release|Any CPU
		{58D77E6D-FEB2-4907-9DC8-53A388B89BD3}.Release|ARM.ActiveCfg = Release|Any CPU
		{58D77E6D-FEB2-4907-9DC8-53A388B89BD3}.Release|ARM.Build.0 = Release|Any CPU
		{58D77E6D-FEB2-4907-9DC8-53A388B89BD3}.Release|ARM.Deploy.0 = Release|Any CPU
		{58D77E6D-FEB2-4907-9DC8-53A388B89BD3}.Release|iPhone.ActiveCfg = Release|Any CPU
		{58D77E6D-FEB2-4907-9DC8-53A388B89BD3}.Release|iPhone.Build.0 = Release|Any CPU
		{58D77E6D-FEB2-4907-9DC8-53A388B89BD3}.Release|iPhone.Deploy.0 = Release|Any CPU
		{58D77E6D-FEB2-4907-9DC8-53A388B89BD3}.Release|iPhoneSimulator.ActiveCfg = Release|Any CPU
		{58D77E6D-FEB2-4907-9DC8-53A388B89BD3}.Release|iPhoneSimulator.Build.0 = Release|Any CPU
		{58D77E6D-FEB2-4907-9DC8-53A388B89BD3}.Release|iPhoneSimulator.Deploy.0 = Release|Any CPU
		{58D77E6D-FEB2-4907-9DC8-53A388B89BD3}.Release|x64.ActiveCfg = Release|Any CPU
		{58D77E6D-FEB2-4907-9DC8-53A388B89BD3}.Release|x64.Build.0 = Release|Any CPU
		{58D77E6D-FEB2-4907-9DC8-53A388B89BD3}.Release|x64.Deploy.0 = Release|Any CPU
		{58D77E6D-FEB2-4907-9DC8-53A388B89BD3}.Release|x86.ActiveCfg = Release|Any CPU
		{58D77E6D-FEB2-4907-9DC8-53A388B89BD3}.Release|x86.Build.0 = Release|Any CPU
		{58D77E6D-FEB2-4907-9DC8-53A388B89BD3}.Release|x86.Deploy.0 = Release|Any CPU
		{943F9279-1A12-40C1-8611-C8CA23E57601}.Ad-Hoc|Any CPU.ActiveCfg = Ad-Hoc|iPhone
		{943F9279-1A12-40C1-8611-C8CA23E57601}.Ad-Hoc|ARM.ActiveCfg = Ad-Hoc|iPhone
		{943F9279-1A12-40C1-8611-C8CA23E57601}.Ad-Hoc|iPhone.ActiveCfg = Ad-Hoc|iPhone
		{943F9279-1A12-40C1-8611-C8CA23E57601}.Ad-Hoc|iPhone.Build.0 = Ad-Hoc|iPhone
		{943F9279-1A12-40C1-8611-C8CA23E57601}.Ad-Hoc|iPhoneSimulator.ActiveCfg = Ad-Hoc|iPhoneSimulator
		{943F9279-1A12-40C1-8611-C8CA23E57601}.Ad-Hoc|iPhoneSimulator.Build.0 = Ad-Hoc|iPhoneSimulator
		{943F9279-1A12-40C1-8611-C8CA23E57601}.Ad-Hoc|x64.ActiveCfg = Ad-Hoc|iPhone
		{943F9279-1A12-40C1-8611-C8CA23E57601}.Ad-Hoc|x86.ActiveCfg = Ad-Hoc|iPhone
		{943F9279-1A12-40C1-8611-C8CA23E57601}.AppStore|Any CPU.ActiveCfg = AppStore|iPhone
		{943F9279-1A12-40C1-8611-C8CA23E57601}.AppStore|ARM.ActiveCfg = AppStore|iPhone
		{943F9279-1A12-40C1-8611-C8CA23E57601}.AppStore|iPhone.ActiveCfg = AppStore|iPhone
		{943F9279-1A12-40C1-8611-C8CA23E57601}.AppStore|iPhone.Build.0 = AppStore|iPhone
		{943F9279-1A12-40C1-8611-C8CA23E57601}.AppStore|iPhoneSimulator.ActiveCfg = AppStore|iPhoneSimulator
		{943F9279-1A12-40C1-8611-C8CA23E57601}.AppStore|iPhoneSimulator.Build.0 = AppStore|iPhoneSimulator
		{943F9279-1A12-40C1-8611-C8CA23E57601}.AppStore|x64.ActiveCfg = AppStore|iPhone
		{943F9279-1A12-40C1-8611-C8CA23E57601}.AppStore|x86.ActiveCfg = AppStore|iPhone
		{943F9279-1A12-40C1-8611-C8CA23E57601}.Debug|Any CPU.ActiveCfg = Debug|iPhone
		{943F9279-1A12-40C1-8611-C8CA23E57601}.Debug|ARM.ActiveCfg = Debug|iPhone
		{943F9279-1A12-40C1-8611-C8CA23E57601}.Debug|iPhone.ActiveCfg = Debug|iPhone
		{943F9279-1A12-40C1-8611-C8CA23E57601}.Debug|iPhone.Build.0 = Debug|iPhone
		{943F9279-1A12-40C1-8611-C8CA23E57601}.Debug|iPhoneSimulator.ActiveCfg = Debug|iPhoneSimulator
		{943F9279-1A12-40C1-8611-C8CA23E57601}.Debug|iPhoneSimulator.Build.0 = Debug|iPhoneSimulator
		{943F9279-1A12-40C1-8611-C8CA23E57601}.Debug|x64.ActiveCfg = Debug|iPhone
		{943F9279-1A12-40C1-8611-C8CA23E57601}.Debug|x86.ActiveCfg = Debug|iPhone
		{943F9279-1A12-40C1-8611-C8CA23E57601}.Release|Any CPU.ActiveCfg = Release|iPhone
		{943F9279-1A12-40C1-8611-C8CA23E57601}.Release|ARM.ActiveCfg = Release|iPhone
		{943F9279-1A12-40C1-8611-C8CA23E57601}.Release|iPhone.ActiveCfg = Release|iPhone
		{943F9279-1A12-40C1-8611-C8CA23E57601}.Release|iPhone.Build.0 = Release|iPhone
		{943F9279-1A12-40C1-8611-C8CA23E57601}.Release|iPhoneSimulator.ActiveCfg = Release|iPhoneSimulator
		{943F9279-1A12-40C1-8611-C8CA23E57601}.Release|iPhoneSimulator.Build.0 = Release|iPhoneSimulator
		{943F9279-1A12-40C1-8611-C8CA23E57601}.Release|x64.ActiveCfg = Release|iPhone
		{943F9279-1A12-40C1-8611-C8CA23E57601}.Release|x86.ActiveCfg = Release|iPhone
		{93B6CC00-4483-4F7A-A79B-70FCDA476155}.Ad-Hoc|Any CPU.ActiveCfg = Release|Any CPU
		{93B6CC00-4483-4F7A-A79B-70FCDA476155}.Ad-Hoc|Any CPU.Build.0 = Release|Any CPU
		{93B6CC00-4483-4F7A-A79B-70FCDA476155}.Ad-Hoc|Any CPU.Deploy.0 = Release|Any CPU
		{93B6CC00-4483-4F7A-A79B-70FCDA476155}.Ad-Hoc|ARM.ActiveCfg = Release|ARM
		{93B6CC00-4483-4F7A-A79B-70FCDA476155}.Ad-Hoc|ARM.Build.0 = Release|ARM
		{93B6CC00-4483-4F7A-A79B-70FCDA476155}.Ad-Hoc|ARM.Deploy.0 = Release|ARM
		{93B6CC00-4483-4F7A-A79B-70FCDA476155}.Ad-Hoc|iPhone.ActiveCfg = Release|Any CPU
		{93B6CC00-4483-4F7A-A79B-70FCDA476155}.Ad-Hoc|iPhone.Build.0 = Release|Any CPU
		{93B6CC00-4483-4F7A-A79B-70FCDA476155}.Ad-Hoc|iPhone.Deploy.0 = Release|Any CPU
		{93B6CC00-4483-4F7A-A79B-70FCDA476155}.Ad-Hoc|iPhoneSimulator.ActiveCfg = Release|Any CPU
		{93B6CC00-4483-4F7A-A79B-70FCDA476155}.Ad-Hoc|iPhoneSimulator.Build.0 = Release|Any CPU
		{93B6CC00-4483-4F7A-A79B-70FCDA476155}.Ad-Hoc|iPhoneSimulator.Deploy.0 = Release|Any CPU
		{93B6CC00-4483-4F7A-A79B-70FCDA476155}.Ad-Hoc|x64.ActiveCfg = Release|Any CPU
		{93B6CC00-4483-4F7A-A79B-70FCDA476155}.Ad-Hoc|x64.Build.0 = Release|Any CPU
		{93B6CC00-4483-4F7A-A79B-70FCDA476155}.Ad-Hoc|x64.Deploy.0 = Release|Any CPU
		{93B6CC00-4483-4F7A-A79B-70FCDA476155}.Ad-Hoc|x86.ActiveCfg = Release|x86
		{93B6CC00-4483-4F7A-A79B-70FCDA476155}.Ad-Hoc|x86.Build.0 = Release|x86
		{93B6CC00-4483-4F7A-A79B-70FCDA476155}.Ad-Hoc|x86.Deploy.0 = Release|x86
		{93B6CC00-4483-4F7A-A79B-70FCDA476155}.AppStore|Any CPU.ActiveCfg = Release|Any CPU
		{93B6CC00-4483-4F7A-A79B-70FCDA476155}.AppStore|Any CPU.Build.0 = Release|Any CPU
		{93B6CC00-4483-4F7A-A79B-70FCDA476155}.AppStore|Any CPU.Deploy.0 = Release|Any CPU
		{93B6CC00-4483-4F7A-A79B-70FCDA476155}.AppStore|ARM.ActiveCfg = Release|ARM
		{93B6CC00-4483-4F7A-A79B-70FCDA476155}.AppStore|ARM.Build.0 = Release|ARM
		{93B6CC00-4483-4F7A-A79B-70FCDA476155}.AppStore|ARM.Deploy.0 = Release|ARM
		{93B6CC00-4483-4F7A-A79B-70FCDA476155}.AppStore|iPhone.ActiveCfg = Release|Any CPU
		{93B6CC00-4483-4F7A-A79B-70FCDA476155}.AppStore|iPhone.Build.0 = Release|Any CPU
		{93B6CC00-4483-4F7A-A79B-70FCDA476155}.AppStore|iPhone.Deploy.0 = Release|Any CPU
		{93B6CC00-4483-4F7A-A79B-70FCDA476155}.AppStore|iPhoneSimulator.ActiveCfg = Release|Any CPU
		{93B6CC00-4483-4F7A-A79B-70FCDA476155}.AppStore|iPhoneSimulator.Build.0 = Release|Any CPU
		{93B6CC00-4483-4F7A-A79B-70FCDA476155}.AppStore|iPhoneSimulator.Deploy.0 = Release|Any CPU
		{93B6CC00-4483-4F7A-A79B-70FCDA476155}.AppStore|x64.ActiveCfg = Release|Any CPU
		{93B6CC00-4483-4F7A-A79B-70FCDA476155}.AppStore|x64.Build.0 = Release|Any CPU
		{93B6CC00-4483-4F7A-A79B-70FCDA476155}.AppStore|x64.Deploy.0 = Release|Any CPU
		{93B6CC00-4483-4F7A-A79B-70FCDA476155}.AppStore|x86.ActiveCfg = Release|x86
		{93B6CC00-4483-4F7A-A79B-70FCDA476155}.AppStore|x86.Build.0 = Release|x86
		{93B6CC00-4483-4F7A-A79B-70FCDA476155}.AppStore|x86.Deploy.0 = Release|x86
		{93B6CC00-4483-4F7A-A79B-70FCDA476155}.Debug|Any CPU.ActiveCfg = Debug|Any CPU
		{93B6CC00-4483-4F7A-A79B-70FCDA476155}.Debug|Any CPU.Build.0 = Debug|Any CPU
		{93B6CC00-4483-4F7A-A79B-70FCDA476155}.Debug|Any CPU.Deploy.0 = Debug|Any CPU
		{93B6CC00-4483-4F7A-A79B-70FCDA476155}.Debug|ARM.ActiveCfg = Debug|ARM
		{93B6CC00-4483-4F7A-A79B-70FCDA476155}.Debug|ARM.Build.0 = Debug|ARM
		{93B6CC00-4483-4F7A-A79B-70FCDA476155}.Debug|ARM.Deploy.0 = Debug|ARM
		{93B6CC00-4483-4F7A-A79B-70FCDA476155}.Debug|iPhone.ActiveCfg = Debug|Any CPU
		{93B6CC00-4483-4F7A-A79B-70FCDA476155}.Debug|iPhone.Build.0 = Debug|Any CPU
		{93B6CC00-4483-4F7A-A79B-70FCDA476155}.Debug|iPhone.Deploy.0 = Debug|Any CPU
		{93B6CC00-4483-4F7A-A79B-70FCDA476155}.Debug|iPhoneSimulator.ActiveCfg = Debug|Any CPU
		{93B6CC00-4483-4F7A-A79B-70FCDA476155}.Debug|iPhoneSimulator.Build.0 = Debug|Any CPU
		{93B6CC00-4483-4F7A-A79B-70FCDA476155}.Debug|iPhoneSimulator.Deploy.0 = Debug|Any CPU
		{93B6CC00-4483-4F7A-A79B-70FCDA476155}.Debug|x64.ActiveCfg = Debug|Any CPU
		{93B6CC00-4483-4F7A-A79B-70FCDA476155}.Debug|x64.Build.0 = Debug|Any CPU
		{93B6CC00-4483-4F7A-A79B-70FCDA476155}.Debug|x64.Deploy.0 = Debug|Any CPU
		{93B6CC00-4483-4F7A-A79B-70FCDA476155}.Debug|x86.ActiveCfg = Debug|x86
		{93B6CC00-4483-4F7A-A79B-70FCDA476155}.Debug|x86.Build.0 = Debug|x86
		{93B6CC00-4483-4F7A-A79B-70FCDA476155}.Debug|x86.Deploy.0 = Debug|x86
		{93B6CC00-4483-4F7A-A79B-70FCDA476155}.Release|Any CPU.ActiveCfg = Release|Any CPU
		{93B6CC00-4483-4F7A-A79B-70FCDA476155}.Release|Any CPU.Build.0 = Release|Any CPU
		{93B6CC00-4483-4F7A-A79B-70FCDA476155}.Release|Any CPU.Deploy.0 = Release|Any CPU
		{93B6CC00-4483-4F7A-A79B-70FCDA476155}.Release|ARM.ActiveCfg = Release|ARM
		{93B6CC00-4483-4F7A-A79B-70FCDA476155}.Release|ARM.Build.0 = Release|ARM
		{93B6CC00-4483-4F7A-A79B-70FCDA476155}.Release|ARM.Deploy.0 = Release|ARM
		{93B6CC00-4483-4F7A-A79B-70FCDA476155}.Release|iPhone.ActiveCfg = Release|Any CPU
		{93B6CC00-4483-4F7A-A79B-70FCDA476155}.Release|iPhone.Build.0 = Release|Any CPU
		{93B6CC00-4483-4F7A-A79B-70FCDA476155}.Release|iPhone.Deploy.0 = Release|Any CPU
		{93B6CC00-4483-4F7A-A79B-70FCDA476155}.Release|iPhoneSimulator.ActiveCfg = Release|Any CPU
		{93B6CC00-4483-4F7A-A79B-70FCDA476155}.Release|iPhoneSimulator.Build.0 = Release|Any CPU
		{93B6CC00-4483-4F7A-A79B-70FCDA476155}.Release|iPhoneSimulator.Deploy.0 = Release|Any CPU
		{93B6CC00-4483-4F7A-A79B-70FCDA476155}.Release|x64.ActiveCfg = Release|Any CPU
		{93B6CC00-4483-4F7A-A79B-70FCDA476155}.Release|x64.Build.0 = Release|Any CPU
		{93B6CC00-4483-4F7A-A79B-70FCDA476155}.Release|x64.Deploy.0 = Release|Any CPU
		{93B6CC00-4483-4F7A-A79B-70FCDA476155}.Release|x86.ActiveCfg = Release|x86
		{93B6CC00-4483-4F7A-A79B-70FCDA476155}.Release|x86.Build.0 = Release|x86
		{93B6CC00-4483-4F7A-A79B-70FCDA476155}.Release|x86.Deploy.0 = Release|x86
		{9C959E3F-ED9D-46C9-B3A7-D02EC1EAA663}.Ad-Hoc|Any CPU.ActiveCfg = Release|x86
		{9C959E3F-ED9D-46C9-B3A7-D02EC1EAA663}.Ad-Hoc|Any CPU.Build.0 = Release|x86
		{9C959E3F-ED9D-46C9-B3A7-D02EC1EAA663}.Ad-Hoc|Any CPU.Deploy.0 = Release|x86
		{9C959E3F-ED9D-46C9-B3A7-D02EC1EAA663}.Ad-Hoc|ARM.ActiveCfg = Release|ARM
		{9C959E3F-ED9D-46C9-B3A7-D02EC1EAA663}.Ad-Hoc|ARM.Build.0 = Release|ARM
		{9C959E3F-ED9D-46C9-B3A7-D02EC1EAA663}.Ad-Hoc|ARM.Deploy.0 = Release|ARM
		{9C959E3F-ED9D-46C9-B3A7-D02EC1EAA663}.Ad-Hoc|iPhone.ActiveCfg = Release|x86
		{9C959E3F-ED9D-46C9-B3A7-D02EC1EAA663}.Ad-Hoc|iPhone.Build.0 = Release|x86
		{9C959E3F-ED9D-46C9-B3A7-D02EC1EAA663}.Ad-Hoc|iPhone.Deploy.0 = Release|x86
		{9C959E3F-ED9D-46C9-B3A7-D02EC1EAA663}.Ad-Hoc|iPhoneSimulator.ActiveCfg = Release|x86
		{9C959E3F-ED9D-46C9-B3A7-D02EC1EAA663}.Ad-Hoc|iPhoneSimulator.Build.0 = Release|x86
		{9C959E3F-ED9D-46C9-B3A7-D02EC1EAA663}.Ad-Hoc|iPhoneSimulator.Deploy.0 = Release|x86
		{9C959E3F-ED9D-46C9-B3A7-D02EC1EAA663}.Ad-Hoc|x64.ActiveCfg = Release|x64
		{9C959E3F-ED9D-46C9-B3A7-D02EC1EAA663}.Ad-Hoc|x64.Build.0 = Release|x64
		{9C959E3F-ED9D-46C9-B3A7-D02EC1EAA663}.Ad-Hoc|x64.Deploy.0 = Release|x64
		{9C959E3F-ED9D-46C9-B3A7-D02EC1EAA663}.Ad-Hoc|x86.ActiveCfg = Release|x86
		{9C959E3F-ED9D-46C9-B3A7-D02EC1EAA663}.Ad-Hoc|x86.Build.0 = Release|x86
		{9C959E3F-ED9D-46C9-B3A7-D02EC1EAA663}.Ad-Hoc|x86.Deploy.0 = Release|x86
		{9C959E3F-ED9D-46C9-B3A7-D02EC1EAA663}.AppStore|Any CPU.ActiveCfg = Release|x86
		{9C959E3F-ED9D-46C9-B3A7-D02EC1EAA663}.AppStore|Any CPU.Build.0 = Release|x86
		{9C959E3F-ED9D-46C9-B3A7-D02EC1EAA663}.AppStore|Any CPU.Deploy.0 = Release|x86
		{9C959E3F-ED9D-46C9-B3A7-D02EC1EAA663}.AppStore|ARM.ActiveCfg = Release|ARM
		{9C959E3F-ED9D-46C9-B3A7-D02EC1EAA663}.AppStore|ARM.Build.0 = Release|ARM
		{9C959E3F-ED9D-46C9-B3A7-D02EC1EAA663}.AppStore|ARM.Deploy.0 = Release|ARM
		{9C959E3F-ED9D-46C9-B3A7-D02EC1EAA663}.AppStore|iPhone.ActiveCfg = Release|x86
		{9C959E3F-ED9D-46C9-B3A7-D02EC1EAA663}.AppStore|iPhone.Build.0 = Release|x86
		{9C959E3F-ED9D-46C9-B3A7-D02EC1EAA663}.AppStore|iPhone.Deploy.0 = Release|x86
		{9C959E3F-ED9D-46C9-B3A7-D02EC1EAA663}.AppStore|iPhoneSimulator.ActiveCfg = Release|x86
		{9C959E3F-ED9D-46C9-B3A7-D02EC1EAA663}.AppStore|iPhoneSimulator.Build.0 = Release|x86
		{9C959E3F-ED9D-46C9-B3A7-D02EC1EAA663}.AppStore|iPhoneSimulator.Deploy.0 = Release|x86
		{9C959E3F-ED9D-46C9-B3A7-D02EC1EAA663}.AppStore|x64.ActiveCfg = Release|x64
		{9C959E3F-ED9D-46C9-B3A7-D02EC1EAA663}.AppStore|x64.Build.0 = Release|x64
		{9C959E3F-ED9D-46C9-B3A7-D02EC1EAA663}.AppStore|x64.Deploy.0 = Release|x64
		{9C959E3F-ED9D-46C9-B3A7-D02EC1EAA663}.AppStore|x86.ActiveCfg = Release|x86
		{9C959E3F-ED9D-46C9-B3A7-D02EC1EAA663}.AppStore|x86.Build.0 = Release|x86
		{9C959E3F-ED9D-46C9-B3A7-D02EC1EAA663}.AppStore|x86.Deploy.0 = Release|x86
		{9C959E3F-ED9D-46C9-B3A7-D02EC1EAA663}.Debug|Any CPU.ActiveCfg = Debug|x86
		{9C959E3F-ED9D-46C9-B3A7-D02EC1EAA663}.Debug|ARM.ActiveCfg = Debug|ARM
		{9C959E3F-ED9D-46C9-B3A7-D02EC1EAA663}.Debug|ARM.Build.0 = Debug|ARM
		{9C959E3F-ED9D-46C9-B3A7-D02EC1EAA663}.Debug|ARM.Deploy.0 = Debug|ARM
		{9C959E3F-ED9D-46C9-B3A7-D02EC1EAA663}.Debug|iPhone.ActiveCfg = Debug|x86
		{9C959E3F-ED9D-46C9-B3A7-D02EC1EAA663}.Debug|iPhoneSimulator.ActiveCfg = Debug|x86
		{9C959E3F-ED9D-46C9-B3A7-D02EC1EAA663}.Debug|x64.ActiveCfg = Debug|x64
		{9C959E3F-ED9D-46C9-B3A7-D02EC1EAA663}.Debug|x64.Build.0 = Debug|x64
		{9C959E3F-ED9D-46C9-B3A7-D02EC1EAA663}.Debug|x64.Deploy.0 = Debug|x64
		{9C959E3F-ED9D-46C9-B3A7-D02EC1EAA663}.Debug|x86.ActiveCfg = Debug|x86
		{9C959E3F-ED9D-46C9-B3A7-D02EC1EAA663}.Debug|x86.Build.0 = Debug|x86
		{9C959E3F-ED9D-46C9-B3A7-D02EC1EAA663}.Debug|x86.Deploy.0 = Debug|x86
		{9C959E3F-ED9D-46C9-B3A7-D02EC1EAA663}.Release|Any CPU.ActiveCfg = Release|x86
		{9C959E3F-ED9D-46C9-B3A7-D02EC1EAA663}.Release|ARM.ActiveCfg = Release|ARM
		{9C959E3F-ED9D-46C9-B3A7-D02EC1EAA663}.Release|ARM.Build.0 = Release|ARM
		{9C959E3F-ED9D-46C9-B3A7-D02EC1EAA663}.Release|ARM.Deploy.0 = Release|ARM
		{9C959E3F-ED9D-46C9-B3A7-D02EC1EAA663}.Release|iPhone.ActiveCfg = Release|x86
		{9C959E3F-ED9D-46C9-B3A7-D02EC1EAA663}.Release|iPhoneSimulator.ActiveCfg = Release|x86
		{9C959E3F-ED9D-46C9-B3A7-D02EC1EAA663}.Release|x64.ActiveCfg = Release|x64
		{9C959E3F-ED9D-46C9-B3A7-D02EC1EAA663}.Release|x64.Build.0 = Release|x64
		{9C959E3F-ED9D-46C9-B3A7-D02EC1EAA663}.Release|x64.Deploy.0 = Release|x64
		{9C959E3F-ED9D-46C9-B3A7-D02EC1EAA663}.Release|x86.ActiveCfg = Release|x86
		{9C959E3F-ED9D-46C9-B3A7-D02EC1EAA663}.Release|x86.Build.0 = Release|x86
		{9C959E3F-ED9D-46C9-B3A7-D02EC1EAA663}.Release|x86.Deploy.0 = Release|x86
		{3928A1E0-C283-420C-9FBC-610F36BC52B4}.Ad-Hoc|Any CPU.ActiveCfg = Release|Any CPU
		{3928A1E0-C283-420C-9FBC-610F36BC52B4}.Ad-Hoc|Any CPU.Build.0 = Release|Any CPU
		{3928A1E0-C283-420C-9FBC-610F36BC52B4}.Ad-Hoc|Any CPU.Deploy.0 = Release|Any CPU
		{3928A1E0-C283-420C-9FBC-610F36BC52B4}.Ad-Hoc|ARM.ActiveCfg = Release|ARM
		{3928A1E0-C283-420C-9FBC-610F36BC52B4}.Ad-Hoc|ARM.Build.0 = Release|ARM
		{3928A1E0-C283-420C-9FBC-610F36BC52B4}.Ad-Hoc|ARM.Deploy.0 = Release|ARM
		{3928A1E0-C283-420C-9FBC-610F36BC52B4}.Ad-Hoc|iPhone.ActiveCfg = Release|Any CPU
		{3928A1E0-C283-420C-9FBC-610F36BC52B4}.Ad-Hoc|iPhone.Build.0 = Release|Any CPU
		{3928A1E0-C283-420C-9FBC-610F36BC52B4}.Ad-Hoc|iPhone.Deploy.0 = Release|Any CPU
		{3928A1E0-C283-420C-9FBC-610F36BC52B4}.Ad-Hoc|iPhoneSimulator.ActiveCfg = Release|Any CPU
		{3928A1E0-C283-420C-9FBC-610F36BC52B4}.Ad-Hoc|iPhoneSimulator.Build.0 = Release|Any CPU
		{3928A1E0-C283-420C-9FBC-610F36BC52B4}.Ad-Hoc|iPhoneSimulator.Deploy.0 = Release|Any CPU
		{3928A1E0-C283-420C-9FBC-610F36BC52B4}.Ad-Hoc|x64.ActiveCfg = Release|x64
		{3928A1E0-C283-420C-9FBC-610F36BC52B4}.Ad-Hoc|x64.Build.0 = Release|x64
		{3928A1E0-C283-420C-9FBC-610F36BC52B4}.Ad-Hoc|x64.Deploy.0 = Release|x64
		{3928A1E0-C283-420C-9FBC-610F36BC52B4}.Ad-Hoc|x86.ActiveCfg = Release|x86
		{3928A1E0-C283-420C-9FBC-610F36BC52B4}.Ad-Hoc|x86.Build.0 = Release|x86
		{3928A1E0-C283-420C-9FBC-610F36BC52B4}.Ad-Hoc|x86.Deploy.0 = Release|x86
		{3928A1E0-C283-420C-9FBC-610F36BC52B4}.AppStore|Any CPU.ActiveCfg = Release|Any CPU
		{3928A1E0-C283-420C-9FBC-610F36BC52B4}.AppStore|Any CPU.Build.0 = Release|Any CPU
		{3928A1E0-C283-420C-9FBC-610F36BC52B4}.AppStore|Any CPU.Deploy.0 = Release|Any CPU
		{3928A1E0-C283-420C-9FBC-610F36BC52B4}.AppStore|ARM.ActiveCfg = Release|ARM
		{3928A1E0-C283-420C-9FBC-610F36BC52B4}.AppStore|ARM.Build.0 = Release|ARM
		{3928A1E0-C283-420C-9FBC-610F36BC52B4}.AppStore|ARM.Deploy.0 = Release|ARM
		{3928A1E0-C283-420C-9FBC-610F36BC52B4}.AppStore|iPhone.ActiveCfg = Release|Any CPU
		{3928A1E0-C283-420C-9FBC-610F36BC52B4}.AppStore|iPhone.Build.0 = Release|Any CPU
		{3928A1E0-C283-420C-9FBC-610F36BC52B4}.AppStore|iPhone.Deploy.0 = Release|Any CPU
		{3928A1E0-C283-420C-9FBC-610F36BC52B4}.AppStore|iPhoneSimulator.ActiveCfg = Release|Any CPU
		{3928A1E0-C283-420C-9FBC-610F36BC52B4}.AppStore|iPhoneSimulator.Build.0 = Release|Any CPU
		{3928A1E0-C283-420C-9FBC-610F36BC52B4}.AppStore|iPhoneSimulator.Deploy.0 = Release|Any CPU
		{3928A1E0-C283-420C-9FBC-610F36BC52B4}.AppStore|x64.ActiveCfg = Release|x64
		{3928A1E0-C283-420C-9FBC-610F36BC52B4}.AppStore|x64.Build.0 = Release|x64
		{3928A1E0-C283-420C-9FBC-610F36BC52B4}.AppStore|x64.Deploy.0 = Release|x64
		{3928A1E0-C283-420C-9FBC-610F36BC52B4}.AppStore|x86.ActiveCfg = Release|x86
		{3928A1E0-C283-420C-9FBC-610F36BC52B4}.AppStore|x86.Build.0 = Release|x86
		{3928A1E0-C283-420C-9FBC-610F36BC52B4}.AppStore|x86.Deploy.0 = Release|x86
		{3928A1E0-C283-420C-9FBC-610F36BC52B4}.Debug|Any CPU.ActiveCfg = Debug|Any CPU
		{3928A1E0-C283-420C-9FBC-610F36BC52B4}.Debug|Any CPU.Build.0 = Debug|Any CPU
		{3928A1E0-C283-420C-9FBC-610F36BC52B4}.Debug|Any CPU.Deploy.0 = Debug|Any CPU
		{3928A1E0-C283-420C-9FBC-610F36BC52B4}.Debug|ARM.ActiveCfg = Debug|ARM
		{3928A1E0-C283-420C-9FBC-610F36BC52B4}.Debug|ARM.Build.0 = Debug|ARM
		{3928A1E0-C283-420C-9FBC-610F36BC52B4}.Debug|ARM.Deploy.0 = Debug|ARM
		{3928A1E0-C283-420C-9FBC-610F36BC52B4}.Debug|iPhone.ActiveCfg = Debug|Any CPU
		{3928A1E0-C283-420C-9FBC-610F36BC52B4}.Debug|iPhone.Build.0 = Debug|Any CPU
		{3928A1E0-C283-420C-9FBC-610F36BC52B4}.Debug|iPhone.Deploy.0 = Debug|Any CPU
		{3928A1E0-C283-420C-9FBC-610F36BC52B4}.Debug|iPhoneSimulator.ActiveCfg = Debug|Any CPU
		{3928A1E0-C283-420C-9FBC-610F36BC52B4}.Debug|iPhoneSimulator.Build.0 = Debug|Any CPU
		{3928A1E0-C283-420C-9FBC-610F36BC52B4}.Debug|iPhoneSimulator.Deploy.0 = Debug|Any CPU
		{3928A1E0-C283-420C-9FBC-610F36BC52B4}.Debug|x64.ActiveCfg = Debug|x64
		{3928A1E0-C283-420C-9FBC-610F36BC52B4}.Debug|x64.Build.0 = Debug|x64
		{3928A1E0-C283-420C-9FBC-610F36BC52B4}.Debug|x64.Deploy.0 = Debug|x64
		{3928A1E0-C283-420C-9FBC-610F36BC52B4}.Debug|x86.ActiveCfg = Debug|x86
		{3928A1E0-C283-420C-9FBC-610F36BC52B4}.Debug|x86.Build.0 = Debug|x86
		{3928A1E0-C283-420C-9FBC-610F36BC52B4}.Debug|x86.Deploy.0 = Debug|x86
		{3928A1E0-C283-420C-9FBC-610F36BC52B4}.Release|Any CPU.ActiveCfg = Release|Any CPU
		{3928A1E0-C283-420C-9FBC-610F36BC52B4}.Release|Any CPU.Build.0 = Release|Any CPU
		{3928A1E0-C283-420C-9FBC-610F36BC52B4}.Release|Any CPU.Deploy.0 = Release|Any CPU
		{3928A1E0-C283-420C-9FBC-610F36BC52B4}.Release|ARM.ActiveCfg = Release|ARM
		{3928A1E0-C283-420C-9FBC-610F36BC52B4}.Release|ARM.Build.0 = Release|ARM
		{3928A1E0-C283-420C-9FBC-610F36BC52B4}.Release|ARM.Deploy.0 = Release|ARM
		{3928A1E0-C283-420C-9FBC-610F36BC52B4}.Release|iPhone.ActiveCfg = Release|Any CPU
		{3928A1E0-C283-420C-9FBC-610F36BC52B4}.Release|iPhone.Build.0 = Release|Any CPU
		{3928A1E0-C283-420C-9FBC-610F36BC52B4}.Release|iPhone.Deploy.0 = Release|Any CPU
		{3928A1E0-C283-420C-9FBC-610F36BC52B4}.Release|iPhoneSimulator.ActiveCfg = Release|Any CPU
		{3928A1E0-C283-420C-9FBC-610F36BC52B4}.Release|iPhoneSimulator.Build.0 = Release|Any CPU
		{3928A1E0-C283-420C-9FBC-610F36BC52B4}.Release|iPhoneSimulator.Deploy.0 = Release|Any CPU
		{3928A1E0-C283-420C-9FBC-610F36BC52B4}.Release|x64.ActiveCfg = Release|x64
		{3928A1E0-C283-420C-9FBC-610F36BC52B4}.Release|x64.Build.0 = Release|x64
		{3928A1E0-C283-420C-9FBC-610F36BC52B4}.Release|x64.Deploy.0 = Release|x64
		{3928A1E0-C283-420C-9FBC-610F36BC52B4}.Release|x86.ActiveCfg = Release|x86
		{3928A1E0-C283-420C-9FBC-610F36BC52B4}.Release|x86.Build.0 = Release|x86
		{3928A1E0-C283-420C-9FBC-610F36BC52B4}.Release|x86.Deploy.0 = Release|x86
	EndGlobalSection
	GlobalSection(SolutionProperties) = preSolution
		HideSolutionNode = FALSE
	EndGlobalSection
EndGlobal
